
Microsoft Visual Studio Solution File, Format Version 12.00
# Visual Studio Version 17
VisualStudioVersion = 17.0.32112.339
MinimumVisualStudioVersion = 10.0.40219.1
Project("{FAE04EC0-301F-11D3-BF4B-00C04F79EFBC}") = "Tipex.IdentityServer", "Tipex.IdentityServer\Tipex.IdentityServer.csproj", "{A7209EFE-5259-4777-A1B7-35B9514B2841}"
EndProject
Global
	GlobalSection(SolutionConfigurationPlatforms) = preSolution
		Debug|Any CPU = Debug|Any CPU
		Release|Any CPU = Release|Any CPU
	EndGlobalSection
	GlobalSection(ProjectConfigurationPlatforms) = postSolution
		{A7209EFE-5259-4777-A1B7-35B9514B2841}.Debug|Any CPU.ActiveCfg = Debug|Any CPU
		{A7209EFE-5259-4777-A1B7-35B9514B2841}.Debug|Any CPU.Build.0 = Debug|Any CPU
		{A7209EFE-5259-4777-A1B7-35B9514B2841}.Release|Any CPU.ActiveCfg = Release|Any CPU
		{A7209EFE-5259-4777-A1B7-35B9514B2841}.Release|Any CPU.Build.0 = Release|Any CPU
	EndGlobalSection
	GlobalSection(SolutionProperties) = preSolution
		HideSolutionNode = FALSE
	EndGlobalSection
	GlobalSection(ExtensibilityGlobals) = postSolution
		SolutionGuid = {1745AF04-86CD-4785-A4A9-77487714BEFD}
	EndGlobalSection
EndGlobal
